
Microsoft Visual Studio Solution File, Format Version 12.00
# Visual Studio 15
VisualStudioVersion = 15.0.27703.2000
MinimumVisualStudioVersion = 10.0.40219.1
Project("{FAE04EC0-301F-11D3-BF4B-00C04F79EFBC}") = "ASP_Authorization", "ASP_Authorization\ASP_Authorization.csproj", "{BB408530-38B6-47EF-8616-A3713A6F47E1}"
EndProject
Global
	GlobalSection(SolutionConfigurationPlatforms) = preSolution
		Debug|Any CPU = Debug|Any CPU
		Release|Any CPU = Release|Any CPU
	EndGlobalSection
	GlobalSection(ProjectConfigurationPlatforms) = postSolution
		{BB408530-38B6-47EF-8616-A3713A6F47E1}.Debug|Any CPU.ActiveCfg = Debug|Any CPU
		{BB408530-38B6-47EF-8616-A3713A6F47E1}.Debug|Any CPU.Build.0 = Debug|Any CPU
		{BB408530-38B6-47EF-8616-A3713A6F47E1}.Release|Any CPU.ActiveCfg = Release|Any CPU
		{BB408530-38B6-47EF-8616-A3713A6F47E1}.Release|Any CPU.Build.0 = Release|Any CPU
	EndGlobalSection
	GlobalSection(SolutionProperties) = preSolution
		HideSolutionNode = FALSE
	EndGlobalSection
	GlobalSection(ExtensibilityGlobals) = postSolution
		SolutionGuid = {C0AB2126-6C1A-459B-96A1-8C7E88EF8BB9}
	EndGlobalSection
EndGlobal
